# THIS IS AN AUTOGENERATED FILE. DO NOT EDIT THIS FILE DIRECTLY.
# yarn lockfile v1


qoa@^0.2.0:
  version "0.2.0"
  resolved "https://registry.yarnpkg.com/qoa/-/qoa-0.2.0.tgz#2e4ea56a388982da570bf2025733b72e2f857aab"
  integrity sha512-svEO3uevNU354fUBWgMxGJH0spF29EZRe140YL20PP+5C25V+u0eMeFforSIiop2879uXgxI+IFwibHBGcseEA==
